version = 1
revision = 3
requires-python = ">=3.13"

[[package]]
name = "cfgv"
version = "3.4.0"
source = { registry = "https://pypi.org/simple" }
sdist = { url = "https://files.pythonhosted.org/packages/11/74/539e56497d9bd1d484fd863dd69cbbfa653cd2aa27abfe35653494d85e94/cfgv-3.4.0.tar.gz", hash = "sha256:e52591d4c5f5dead8e0f673fb16db7949d2cfb3f7da4582893288f0ded8fe560", size = 7114, upload-time = "2023-08-12T20:38:17.776Z" }
wheels = [
    { url = "https://files.pythonhosted.org/packages/c5/55/51844dd50c4fc7a33b653bfaba4c2456f06955289ca770a5dbd5fd267374/cfgv-3.4.0-py2.py3-none-any.whl", hash = "sha256:b7265b1f29fd3316bfcd2b330d63d024f2bfd8bcb8b0272f8e19a504856c48f9", size = 7249, upload-time = "2023-08-12T20:38:16.269Z" },
]

[[package]]
name = "clang-format"
version = "18.1.8"
source = { registry = "https://pypi.org/simple" }
sdist = { url = "https://files.pythonhosted.org/packages/94/ef/e8d7160175753f11c939a842fa2b4fcd1221136b7232b0570e890ff1d96d/clang_format-18.1.8.tar.gz", hash = "sha256:065ddb7fdd0cb329976115fa03500dd560d9753dd50c25a269776648e6e6bf35", size = 11078, upload-time = "2024-06-28T10:18:22.183Z" }
wheels = [
    { url = "https://files.pythonhosted.org/packages/15/36/974be8a5b9776d39a2f96746db80c3d963b232ab9660fd0891765b5b6a17/clang_format-18.1.8-py2.py3-none-macosx_10_9_x86_64.whl", hash = "sha256:7c41e2521b7e6ba706cc5d1c3e95eed9a41c1522244e23624e1518991f02a604", size = 1375281, upload-time = "2024-06-28T10:17:51.843Z" },
    { url = "https://files.pythonhosted.org/packages/18/4c/5f82861a89cbdd99b1525c353a35a034d2eb3ee392348b4ba713dc697a3e/clang_format-18.1.8-py2.py3-none-macosx_11_0_arm64.whl", hash = "sha256:4be2b5d983a0cc1ef90a224b599f5928d82ce31154ba69accfdcb670aea62f40", size = 1332812, upload-time = "2024-06-28T10:17:54.67Z" },
    { url = "https://files.pythonhosted.org/packages/37/00/bd44b4d3e5d80560297d49ee7be0ed87260453a5115c6f613527f122a2e2/clang_format-18.1.8-py2.py3-none-manylinux_2_17_aarch64.manylinux2014_aarch64.whl", hash = "sha256:d2db077523bd4517b41fa6adb2e5ee63fc91bc7b641dc6e28b959fa8050cf41b", size = 1669509, upload-time = "2024-06-28T10:17:56.89Z" },
    { url = "https://files.pythonhosted.org/packages/df/64/ce934b3d1002fdb87994fd15e7fd2eb7eb4e6770ccf9dac46f03d74edbe6/clang_format-18.1.8-py2.py3-none-manylinux_2_17_i686.manylinux2014_i686.whl", hash = "sha256:310206c21fa8177c019a3871de8c5400e51867376cae630ee3d1610aa6c93816", size = 1853376, upload-time = "2024-06-28T10:17:58.541Z" },
    { url = "https://files.pythonhosted.org/packages/4f/22/937978c6ef5604a6441c214d7350d347d6796f69acd127631e0aa24f1933/clang_format-18.1.8-py2.py3-none-manylinux_2_17_ppc64le.manylinux2014_ppc64le.whl", hash = "sha256:c11ecdae9cd9068ed010b7cc5fa9d3d2ae08de8bbfa493df865774ad63fd7d76", size = 2597740, upload-time = "2024-06-28T10:18:00.256Z" },
    { url = "https://files.pythonhosted.org/packages/08/20/5b2928c74c3d8ceab9d60348d26e177e7c2dc39c43a5e6a8b9865aa66c84/clang_format-18.1.8-py2.py3-none-manylinux_2_17_s390x.manylinux2014_s390x.whl", hash = "sha256:2a73a50e17c94325712631c15e5b210e374841bbeefb915f12934b902310df7b", size = 1670549, upload-time = "2024-06-28T10:18:04.565Z" },
    { url = "https://files.pythonhosted.org/packages/05/a8/d94adc8025c6a313bed5da994c421fff7dc4288d20028b309b1d45e15032/clang_format-18.1.8-py2.py3-none-manylinux_2_17_x86_64.manylinux2014_x86_64.whl", hash = "sha256:2de122b8aa78ba49e326f974131caab2c79f4ae877c227cd4e3e5d82a98d21e5", size = 1677341, upload-time = "2024-06-28T10:18:06.795Z" },
    { url = "https://files.pythonhosted.org/packages/a7/93/48c0fd19ac5d6221059049facf0e1a91572e7f811e57f94d4882e37ee8a7/clang_format-18.1.8-py2.py3-none-musllinux_1_2_aarch64.whl", hash = "sha256:7d71869103d0f27be3c4930bea59dc6325177a259ba321a04663a231432ec343", size = 2755836, upload-time = "2024-06-28T10:18:08.425Z" },
    { url = "https://files.pythonhosted.org/packages/b2/10/d691db9818417687627ae388417ef97f6ca8b8e489a2ca071a8f32ea438e/clang_format-18.1.8-py2.py3-none-musllinux_1_2_i686.whl", hash = "sha256:ea103b3ae5b0941152cd29c67eab086aafc98675370ac13581005807680132aa", size = 3047804, upload-time = "2024-06-28T10:18:10.149Z" },
    { url = "https://files.pythonhosted.org/packages/c0/99/5d15eacc59a447afb0a2a3ffd1a5aace3a8eae4ff20be06530cc043fe9b1/clang_format-18.1.8-py2.py3-none-musllinux_1_2_ppc64le.whl", hash = "sha256:82c5dd546efa80a838bb9fd4cf6f6e37d85301c0bca13cd79ab5749422ca35a1", size = 3235427, upload-time = "2024-06-28T10:18:11.902Z" },
    { url = "https://files.pythonhosted.org/packages/d8/9a/1b390ff1eb080a96f113e813bb9f0104c8b998e3ebe78ad6222d1b563d3a/clang_format-18.1.8-py2.py3-none-musllinux_1_2_s390x.whl", hash = "sha256:d3a41b7c7c3e65fa56763f5712f919111b35d7a8e857f8bef4ad5a4cdc1be131", size = 3172694, upload-time = "2024-06-28T10:18:14.035Z" },
    { url = "https://files.pythonhosted.org/packages/c8/b1/7bdec805dfa84eb4d2f3cbe65a419eaeb4cb0d67634c68d0915f54a32b88/clang_format-18.1.8-py2.py3-none-musllinux_1_2_x86_64.whl", hash = "sha256:4762e95ea887d522bf664c1411d93d4d41fc9eb059835dd88b9ad54bc3cb08e0", size = 2835733, upload-time = "2024-06-28T10:18:16.051Z" },
    { url = "https://files.pythonhosted.org/packages/c3/b5/72fad56b06caef8dd41bcc40618ebf90e0ff881fef80b61c826a7bba9bef/clang_format-18.1.8-py2.py3-none-win32.whl", hash = "sha256:03e0a762b4b504750ce4999174fa50a3c4d6b83d7999481e1b6a1b3bc2915121", size = 1184681, upload-time = "2024-06-28T10:18:18.315Z" },
    { url = "https://files.pythonhosted.org/packages/e8/80/9b7ac1db31369307a74178ece94af2d7f800bb948af3b6d68fe2266f32b0/clang_format-18.1.8-py2.py3-none-win_amd64.whl", hash = "sha256:6ca6768270e291495174faa6d8c082aa0181722b29ef8e36558b397069fa4a2d", size = 1370844, upload-time = "2024-06-28T10:18:20.422Z" },
]

[[package]]
name = "colorama"
version = "0.4.6"
source = { registry = "https://pypi.org/simple" }
sdist = { url = "https://files.pythonhosted.org/packages/d8/53/6f443c9a4a8358a93a6792e2acffb9d9d5cb0a5cfd8802644b7b1c9a02e4/colorama-0.4.6.tar.gz", hash = "sha256:08695f5cb7ed6e0531a20572697297273c47b8cae5a63ffc6d6ed5c201be6e44", size = 27697, upload-time = "2022-10-25T02:36:22.414Z" }
wheels = [
    { url = "https://files.pythonhosted.org/packages/d1/d6/3965ed04c63042e047cb6a3e6ed1a63a35087b6a609aa3a15ed8ac56c221/colorama-0.4.6-py2.py3-none-any.whl", hash = "sha256:4f1d9991f5acc0ca119f9d443620b77f9d6b33703e51011c16baf57afb285fc6", size = 25335, upload-time = "2022-10-25T02:36:20.889Z" },
]

[[package]]
name = "colorlog"
version = "6.8.2"
source = { registry = "https://pypi.org/simple" }
dependencies = [
    { name = "colorama", marker = "sys_platform == 'win32'" },
]
sdist = { url = "https://files.pythonhosted.org/packages/db/38/2992ff192eaa7dd5a793f8b6570d6bbe887c4fbbf7e72702eb0a693a01c8/colorlog-6.8.2.tar.gz", hash = "sha256:3e3e079a41feb5a1b64f978b5ea4f46040a94f11f0e8bbb8261e3dbbeca64d44", size = 16529, upload-time = "2024-01-26T13:59:28.628Z" }
wheels = [
    { url = "https://files.pythonhosted.org/packages/f3/18/3e867ab37a24fdf073c1617b9c7830e06ec270b1ea4694a624038fc40a03/colorlog-6.8.2-py3-none-any.whl", hash = "sha256:4dcbb62368e2800cb3c5abd348da7e53f6c362dda502ec27c560b2e58a66bd33", size = 11357, upload-time = "2024-01-26T13:59:27.064Z" },
]

[[package]]
name = "concept-map"
version = "0.1.0"
source = { virtual = "." }

[package.dev-dependencies]
dev = [
    { name = "clang-format" },
    { name = "gcovr" },
    { name = "pre-commit" },
]

[package.metadata]

[package.metadata.requires-dev]
dev = [
    { name = "clang-format", specifier = "==18.1.8" },
    { name = "gcovr", specifier = ">=7.2" },
    { name = "pre-commit", specifier = ">=3.7.1" },
]

[[package]]
name = "distlib"
version = "0.3.8"
source = { registry = "https://pypi.org/simple" }
sdist = { url = "https://files.pythonhosted.org/packages/c4/91/e2df406fb4efacdf46871c25cde65d3c6ee5e173b7e5a4547a47bae91920/distlib-0.3.8.tar.gz", hash = "sha256:1530ea13e350031b6312d8580ddb6b27a104275a31106523b8f123787f494f64", size = 609931, upload-time = "2023-12-12T07:14:03.091Z" }
wheels = [
    { url = "https://files.pythonhosted.org/packages/8e/41/9307e4f5f9976bc8b7fea0b66367734e8faf3ec84bc0d412d8cfabbb66cd/distlib-0.3.8-py2.py3-none-any.whl", hash = "sha256:034db59a0b96f8ca18035f36290806a9a6e6bd9d1ff91e45a7f172eb17e51784", size = 468850, upload-time = "2023-12-12T07:13:59.966Z" },
]

[[package]]
name = "filelock"
version = "3.15.4"
source = { registry = "https://pypi.org/simple" }
sdist = { url = "https://files.pythonhosted.org/packages/08/dd/49e06f09b6645156550fb9aee9cc1e59aba7efbc972d665a1bd6ae0435d4/filelock-3.15.4.tar.gz", hash = "sha256:2207938cbc1844345cb01a5a95524dae30f0ce089eba5b00378295a17e3e90cb", size = 18007, upload-time = "2024-06-22T15:59:14.749Z" }
wheels = [
    { url = "https://files.pythonhosted.org/packages/ae/f0/48285f0262fe47103a4a45972ed2f9b93e4c80b8fd609fa98da78b2a5706/filelock-3.15.4-py3-none-any.whl", hash = "sha256:6ca1fffae96225dab4c6eaf1c4f4f28cd2568d3ec2a44e15a08520504de468e7", size = 16159, upload-time = "2024-06-22T15:59:12.695Z" },
]

[[package]]
name = "gcovr"
version = "7.2"
source = { registry = "https://pypi.org/simple" }
dependencies = [
    { name = "colorlog" },
    { name = "jinja2" },
    { name = "lxml" },
    { name = "pygments" },
]
sdist = { url = "https://files.pythonhosted.org/packages/ed/9b/119d9b9501a9d0bc91be6b163be98125a9345e37871f4f3243b112d456e6/gcovr-7.2.tar.gz", hash = "sha256:e3e95cb56ca88dbbe741cb5d69aa2be494eb2fc2a09ee4f651644a670ee5aeb3", size = 161736, upload-time = "2024-02-25T20:27:46.621Z" }
wheels = [
    { url = "https://files.pythonhosted.org/packages/54/43/58652fd16ba85f0e172dcf9a421c3d6222246049a368e970ce7cac8ece8d/gcovr-7.2-py2.py3-none-any.whl", hash = "sha256:fd5cc432c9df863983c530dbd5077937c730b6589117916c188577681469b395", size = 198510, upload-time = "2024-02-25T20:27:45.008Z" },
]

[[package]]
name = "identify"
version = "2.6.0"
source = { registry = "https://pypi.org/simple" }
sdist = { url = "https://files.pythonhosted.org/packages/32/f4/8e8f7db397a7ce20fbdeac5f25adaf567fc362472432938d25556008e03a/identify-2.6.0.tar.gz", hash = "sha256:cb171c685bdc31bcc4c1734698736a7d5b6c8bf2e0c15117f4d469c8640ae5cf", size = 99116, upload-time = "2024-07-07T23:54:16.9Z" }
wheels = [
    { url = "https://files.pythonhosted.org/packages/24/6c/a4f39abe7f19600b74528d0c717b52fff0b300bb0161081510d39c53cb00/identify-2.6.0-py2.py3-none-any.whl", hash = "sha256:e79ae4406387a9d300332b5fd366d8994f1525e8414984e1a59e058b2eda2dd0", size = 98962, upload-time = "2024-07-07T23:54:13.296Z" },
]

[[package]]
name = "jinja2"
version = "3.1.4"
source = { registry = "https://pypi.org/simple" }
dependencies = [
    { name = "markupsafe" },
]
sdist = { url = "https://files.pythonhosted.org/packages/ed/55/39036716d19cab0747a5020fc7e907f362fbf48c984b14e62127f7e68e5d/jinja2-3.1.4.tar.gz", hash = "sha256:4a3aee7acbbe7303aede8e9648d13b8bf88a429282aa6122a993f0ac800cb369", size = 240245, upload-time = "2024-05-05T23:42:02.455Z" }
wheels = [
    { url = "https://files.pythonhosted.org/packages/31/80/3a54838c3fb461f6fec263ebf3a3a41771bd05190238de3486aae8540c36/jinja2-3.1.4-py3-none-any.whl", hash = "sha256:bc5dd2abb727a5319567b7a813e6a2e7318c39f4f487cfe6c89c6f9c7d25197d", size = 133271, upload-time = "2024-05-05T23:41:59.928Z" },
]

[[package]]
name = "lxml"
version = "5.3.0"
source = { registry = "https://pypi.org/simple" }
sdist = { url = "https://files.pythonhosted.org/packages/e7/6b/20c3a4b24751377aaa6307eb230b66701024012c29dd374999cc92983269/lxml-5.3.0.tar.gz", hash = "sha256:4e109ca30d1edec1ac60cdbe341905dc3b8f55b16855e03a54aaf59e51ec8c6f", size = 3679318, upload-time = "2024-08-10T18:17:29.668Z" }
wheels = [
    { url = "https://files.pythonhosted.org/packages/94/6a/42141e4d373903bfea6f8e94b2f554d05506dfda522ada5343c651410dc8/lxml-5.3.0-cp313-cp313-macosx_10_13_universal2.whl", hash = "sha256:8c72e9563347c7395910de6a3100a4840a75a6f60e05af5e58566868d5eb2d6a", size = 8156284, upload-time = "2024-08-10T18:12:10.439Z" },
    { url = "https://files.pythonhosted.org/packages/91/5e/fa097f0f7d8b3d113fb7312c6308af702f2667f22644441715be961f2c7e/lxml-5.3.0-cp313-cp313-macosx_10_13_x86_64.whl", hash = "sha256:e92ce66cd919d18d14b3856906a61d3f6b6a8500e0794142338da644260595cd", size = 4432407, upload-time = "2024-08-10T18:12:13.917Z" },
    { url = "https://files.pythonhosted.org/packages/2d/a1/b901988aa6d4ff937f2e5cfc114e4ec561901ff00660c3e56713642728da/lxml-5.3.0-cp313-cp313-manylinux_2_12_i686.manylinux2010_i686.manylinux_2_17_i686.manylinux2014_i686.whl", hash = "sha256:1d04f064bebdfef9240478f7a779e8c5dc32b8b7b0b2fc6a62e39b928d428e51", size = 5048331, upload-time = "2024-08-10T18:12:17.204Z" },
    { url = "https://files.pythonhosted.org/packages/30/0f/b2a54f48e52de578b71bbe2a2f8160672a8a5e103df3a78da53907e8c7ed/lxml-5.3.0-cp313-cp313-manylinux_2_17_aarch64.manylinux2014_aarch64.whl", hash = "sha256:5c2fb570d7823c2bbaf8b419ba6e5662137f8166e364a8b2b91051a1fb40ab8b", size = 4744835, upload-time = "2024-08-10T18:12:21.172Z" },
    { url = "https://files.pythonhosted.org/packages/82/9d/b000c15538b60934589e83826ecbc437a1586488d7c13f8ee5ff1f79a9b8/lxml-5.3.0-cp313-cp313-manylinux_2_17_ppc64le.manylinux2014_ppc64le.whl", hash = "sha256:0c120f43553ec759f8de1fee2f4794452b0946773299d44c36bfe18e83caf002", size = 5316649, upload-time = "2024-08-10T18:12:24.897Z" },
    { url = "https://files.pythonhosted.org/packages/e3/ee/ffbb9eaff5e541922611d2c56b175c45893d1c0b8b11e5a497708a6a3b3b/lxml-5.3.0-cp313-cp313-manylinux_2_17_s390x.manylinux2014_s390x.whl", hash = "sha256:562e7494778a69086f0312ec9689f6b6ac1c6b65670ed7d0267e49f57ffa08c4", size = 4812046, upload-time = "2024-08-10T18:12:29.028Z" },
    { url = "https://files.pythonhosted.org/packages/15/ff/7ff89d567485c7b943cdac316087f16b2399a8b997007ed352a1248397e5/lxml-5.3.0-cp313-cp313-manylinux_2_17_x86_64.manylinux2014_x86_64.whl", hash = "sha256:423b121f7e6fa514ba0c7918e56955a1d4470ed35faa03e3d9f0e3baa4c7e492", size = 4918597, upload-time = "2024-08-10T18:12:32.278Z" },
    { url = "https://files.pythonhosted.org/packages/c6/a3/535b6ed8c048412ff51268bdf4bf1cf052a37aa7e31d2e6518038a883b29/lxml-5.3.0-cp313-cp313-manylinux_2_28_aarch64.whl", hash = "sha256:c00f323cc00576df6165cc9d21a4c21285fa6b9989c5c39830c3903dc4303ef3", size = 4738071, upload-time = "2024-08-10T18:12:35.407Z" },
    { url = "https://files.pythonhosted.org/packages/7a/8f/cbbfa59cb4d4fd677fe183725a76d8c956495d7a3c7f111ab8f5e13d2e83/lxml-5.3.0-cp313-cp313-manylinux_2_28_ppc64le.whl", hash = "sha256:1fdc9fae8dd4c763e8a31e7630afef517eab9f5d5d31a278df087f307bf601f4", size = 5342213, upload-time = "2024-08-10T18:12:38.73Z" },
    { url = "https://files.pythonhosted.org/packages/5c/fb/db4c10dd9958d4b52e34d1d1f7c1f434422aeaf6ae2bbaaff2264351d944/lxml-5.3.0-cp313-cp313-manylinux_2_28_s390x.whl", hash = "sha256:658f2aa69d31e09699705949b5fc4719cbecbd4a97f9656a232e7d6c7be1a367", size = 4893749, upload-time = "2024-08-10T18:12:42.606Z" },
    { url = "https://files.pythonhosted.org/packages/f2/38/bb4581c143957c47740de18a3281a0cab7722390a77cc6e610e8ebf2d736/lxml-5.3.0-cp313-cp313-manylinux_2_28_x86_64.whl", hash = "sha256:1473427aff3d66a3fa2199004c3e601e6c4500ab86696edffdbc84954c72d832", size = 4945901, upload-time = "2024-08-10T18:12:45.944Z" },
    { url = "https://files.pythonhosted.org/packages/fc/d5/18b7de4960c731e98037bd48fa9f8e6e8f2558e6fbca4303d9b14d21ef3b/lxml-5.3.0-cp313-cp313-musllinux_1_2_aarch64.whl", hash = "sha256:a87de7dd873bf9a792bf1e58b1c3887b9264036629a5bf2d2e6579fe8e73edff", size = 4815447, upload-time = "2024-08-10T18:12:49.051Z" },
    { url = "https://files.pythonhosted.org/packages/97/a8/cd51ceaad6eb849246559a8ef60ae55065a3df550fc5fcd27014361c1bab/lxml-5.3.0-cp313-cp313-musllinux_1_2_ppc64le.whl", hash = "sha256:0d7b36afa46c97875303a94e8f3ad932bf78bace9e18e603f2085b652422edcd", size = 5411186, upload-time = "2024-08-10T18:12:52.388Z" },
    { url = "https://files.pythonhosted.org/packages/89/c3/1e3dabab519481ed7b1fdcba21dcfb8832f57000733ef0e71cf6d09a5e03/lxml-5.3.0-cp313-cp313-musllinux_1_2_s390x.whl", hash = "sha256:cf120cce539453ae086eacc0130a324e7026113510efa83ab42ef3fcfccac7fb", size = 5324481, upload-time = "2024-08-10T18:12:56.021Z" },
    { url = "https://files.pythonhosted.org/packages/b6/17/71e9984cf0570cd202ac0a1c9ed5c1b8889b0fc8dc736f5ef0ffb181c284/lxml-5.3.0-cp313-cp313-musllinux_1_2_x86_64.whl", hash = "sha256:df5c7333167b9674aa8ae1d4008fa4bc17a313cc490b2cca27838bbdcc6bb15b", size = 5011053, upload-time = "2024-08-10T18:12:59.714Z" },
    { url = "https://files.pythonhosted.org/packages/69/68/9f7e6d3312a91e30829368c2b3217e750adef12a6f8eb10498249f4e8d72/lxml-5.3.0-cp313-cp313-win32.whl", hash = "sha256:c802e1c2ed9f0c06a65bc4ed0189d000ada8049312cfeab6ca635e39c9608957", size = 3485634, upload-time = "2024-08-10T18:13:02.78Z" },
    { url = "https://files.pythonhosted.org/packages/7d/db/214290d58ad68c587bd5d6af3d34e56830438733d0d0856c0275fde43652/lxml-5.3.0-cp313-cp313-win_amd64.whl", hash = "sha256:406246b96d552e0503e17a1006fd27edac678b3fcc9f1be71a2f94b4ff61528d", size = 3814417, upload-time = "2024-08-10T18:13:05.791Z" },
]

[[package]]
name = "markupsafe"
version = "2.1.5"
source = { registry = "https://pypi.org/simple" }
sdist = { url = "https://files.pythonhosted.org/packages/87/5b/aae44c6655f3801e81aa3eef09dbbf012431987ba564d7231722f68df02d/MarkupSafe-2.1.5.tar.gz", hash = "sha256:d283d37a890ba4c1ae73ffadf8046435c76e7bc2247bbb63c00bd1a709c6544b", size = 19384, upload-time = "2024-02-02T16:31:22.863Z" }

[[package]]
name = "nodeenv"
version = "1.9.1"
source = { registry = "https://pypi.org/simple" }
sdist = { url = "https://files.pythonhosted.org/packages/43/16/fc88b08840de0e0a72a2f9d8c6bae36be573e475a6326ae854bcc549fc45/nodeenv-1.9.1.tar.gz", hash = "sha256:6ec12890a2dab7946721edbfbcd91f3319c6ccc9aec47be7c7e6b7011ee6645f", size = 47437, upload-time = "2024-06-04T18:44:11.171Z" }
wheels = [
    { url = "https://files.pythonhosted.org/packages/d2/1d/1b658dbd2b9fa9c4c9f32accbfc0205d532c8c6194dc0f2a4c0428e7128a/nodeenv-1.9.1-py2.py3-none-any.whl", hash = "sha256:ba11c9782d29c27c70ffbdda2d7415098754709be8a7056d79a737cd901155c9", size = 22314, upload-time = "2024-06-04T18:44:08.352Z" },
]

[[package]]
name = "platformdirs"
version = "4.2.2"
source = { registry = "https://pypi.org/simple" }
sdist = { url = "https://files.pythonhosted.org/packages/f5/52/0763d1d976d5c262df53ddda8d8d4719eedf9594d046f117c25a27261a19/platformdirs-4.2.2.tar.gz", hash = "sha256:38b7b51f512eed9e84a22788b4bce1de17c0adb134d6becb09836e37d8654cd3", size = 20916, upload-time = "2024-05-15T03:18:23.372Z" }
wheels = [
    { url = "https://files.pythonhosted.org/packages/68/13/2aa1f0e1364feb2c9ef45302f387ac0bd81484e9c9a4c5688a322fbdfd08/platformdirs-4.2.2-py3-none-any.whl", hash = "sha256:2d7a1657e36a80ea911db832a8a6ece5ee53d8de21edd5cc5879af6530b1bfee", size = 18146, upload-time = "2024-05-15T03:18:21.209Z" },
]

[[package]]
name = "pre-commit"
version = "3.7.1"
source = { registry = "https://pypi.org/simple" }
dependencies = [
    { name = "cfgv" },
    { name = "identify" },
    { name = "nodeenv" },
    { name = "pyyaml" },
    { name = "virtualenv" },
]
sdist = { url = "https://files.pythonhosted.org/packages/aa/46/cc214ef6514270328910083d0119d0a80a6d2c4ec8c6608c0219db0b74cf/pre_commit-3.7.1.tar.gz", hash = "sha256:8ca3ad567bc78a4972a3f1a477e94a79d4597e8140a6e0b651c5e33899c3654a", size = 177317, upload-time = "2024-05-11T01:25:19.473Z" }
wheels = [
    { url = "https://files.pythonhosted.org/packages/b9/0f/d6d0b4e2f5b2933a557087fc0560371aa545a18232d4d3427eb3bb3af12e/pre_commit-3.7.1-py2.py3-none-any.whl", hash = "sha256:fae36fd1d7ad7d6a5a1c0b0d5adb2ed1a3bda5a21bf6c3e5372073d7a11cd4c5", size = 204268, upload-time = "2024-05-11T01:25:16.845Z" },
]

[[package]]
name = "pygments"
version = "2.18.0"
source = { registry = "https://pypi.org/simple" }
sdist = { url = "https://files.pythonhosted.org/packages/8e/62/8336eff65bcbc8e4cb5d05b55faf041285951b6e80f33e2bff2024788f31/pygments-2.18.0.tar.gz", hash = "sha256:786ff802f32e91311bff3889f6e9a86e81505fe99f2735bb6d60ae0c5004f199", size = 4891905, upload-time = "2024-05-04T13:42:02.013Z" }
wheels = [
    { url = "https://files.pythonhosted.org/packages/f7/3f/01c8b82017c199075f8f788d0d906b9ffbbc5a47dc9918a945e13d5a2bda/pygments-2.18.0-py3-none-any.whl", hash = "sha256:b8e6aca0523f3ab76fee51799c488e38782ac06eafcf95e7ba832985c8e7b13a", size = 1205513, upload-time = "2024-05-04T13:41:57.345Z" },
]

[[package]]
name = "pyyaml"
version = "6.0.1"
source = { registry = "https://pypi.org/simple" }
sdist = { url = "https://files.pythonhosted.org/packages/cd/e5/af35f7ea75cf72f2cd079c95ee16797de7cd71f29ea7c68ae5ce7be1eda0/PyYAML-6.0.1.tar.gz", hash = "sha256:bfdf460b1736c775f2ba9f6a92bca30bc2095067b8a9d77876d1fad6cc3b4a43", size = 125201, upload-time = "2023-07-18T00:00:23.308Z" }

[[package]]
name = "virtualenv"
version = "20.26.6"
source = { registry = "https://pypi.org/simple" }
dependencies = [
    { name = "distlib" },
    { name = "filelock" },
    { name = "platformdirs" },
]
sdist = { url = "https://files.pythonhosted.org/packages/3f/40/abc5a766da6b0b2457f819feab8e9203cbeae29327bd241359f866a3da9d/virtualenv-20.26.6.tar.gz", hash = "sha256:280aede09a2a5c317e409a00102e7077c6432c5a38f0ef938e643805a7ad2c48", size = 9372482, upload-time = "2024-09-27T16:28:57.502Z" }
wheels = [
    { url = "https://files.pythonhosted.org/packages/59/90/57b8ac0c8a231545adc7698c64c5a36fa7cd8e376c691b9bde877269f2eb/virtualenv-20.26.6-py3-none-any.whl", hash = "sha256:7345cc5b25405607a624d8418154577459c3e0277f5466dd79c49d5e492995f2", size = 5999862, upload-time = "2024-09-27T16:28:54.798Z" },
]
